PODS:
  - DataVisualization (0.1.0):
    - RxCocoa (~> 2.0.0)
    - RxSwift (~> 2.0.0)
  - Quick (0.8.0)
  - RxCocoa (2.0.0):
    - RxSwift (~> 2.0)
  - RxSwift (2.0.0)

DEPENDENCIES:
  - DataVisualization (from `../`)
  - Quick (~> 0.8.0)
  - RxCocoa
  - RxSwift

EXTERNAL SOURCES:
  DataVisualization:
    :path: "../"

SPEC CHECKSUMS:
  DataVisualization: 7b96176725f81a1c5ec92708c8bcb5804cf236b4
  Quick: 563d0f6ec5f72e394645adb377708639b7dd38ab
  RxCocoa: b0ebd70b4f7450bdb3c8987b122f8fd568dc1e2f
  RxSwift: d83246efa6f16c50c143bec134649d045498f601

PODFILE CHECKSUM: 76245ef768c18118bf048009c6095a46188890a6

COCOAPODS: 1.0.0.beta.2
